
Microsoft Visual Studio Solution File, Format Version 12.00
# Visual Studio Version 17
VisualStudioVersion = 17.2.32630.192
MinimumVisualStudioVersion = 10.0.40219.1
Project("{888888A0-9F3D-457C-B088-3A5042F75D52}") = "pjshyperbot", "pjshyperbot.pyproj", "{EA5D23DB-9CA9-46BD-AB4D-DC7B84C90735}"
EndProject
Global
	GlobalSection(SolutionConfigurationPlatforms) = preSolution
		Debug|Any CPU = Debug|Any CPU
		Release|Any CPU = Release|Any CPU
	EndGlobalSection
	GlobalSection(ProjectConfigurationPlatforms) = postSolution
		{EA5D23DB-9CA9-46BD-AB4D-DC7B84C90735}.Debug|Any CPU.ActiveCfg = Debug|Any CPU
		{EA5D23DB-9CA9-46BD-AB4D-DC7B84C90735}.Debug|Any CPU.Build.0 = Debug|Any CPU
		{EA5D23DB-9CA9-46BD-AB4D-DC7B84C90735}.Release|Any CPU.ActiveCfg = Release|Any CPU
		{EA5D23DB-9CA9-46BD-AB4D-DC7B84C90735}.Release|Any CPU.Build.0 = Release|Any CPU
	EndGlobalSection
	GlobalSection(SolutionProperties) = preSolution
		HideSolutionNode = FALSE
	EndGlobalSection
	GlobalSection(ExtensibilityGlobals) = postSolution
		SolutionGuid = {D1F5741D-8F30-482A-B779-E8531BF17BB3}
	EndGlobalSection
EndGlobal
